
Microsoft Visual Studio Solution File, Format Version 12.00
# Visual Studio Version 16
VisualStudioVersion = 16.0.30011.22
MinimumVisualStudioVersion = 10.0.40219.1
Project("{9A19103F-16F7-4668-BE54-9A1E7A4F7556}") = "BBDock", "BBDock\BBDock.csproj", "{01180DE8-5DF8-41C5-9FFA-8893107100BC}"
EndProject
Project("{9A19103F-16F7-4668-BE54-9A1E7A4F7556}") = "BBDock.Api", "BBDock.Api\BBDock.Api.csproj", "{29F083C9-76ED-49E3-B247-64EA47FBE20A}"
EndProject
Project("{9A19103F-16F7-4668-BE54-9A1E7A4F7556}") = "BBDock.Tray", "BBDock.Tray\BBDock.Tray.csproj", "{E84176A9-9823-4C4E-8CBD-D9BA70E1CBAC}"
EndProject
Project("{FAE04EC0-301F-11D3-BF4B-00C04F79EFBC}") = "BBDock.Tasks", "BBDock.Tasks\BBDock.Tasks.csproj", "{B90E8647-841C-4D91-82BD-D746873E4CE3}"
EndProject
Global
	GlobalSection(SolutionConfigurationPlatforms) = preSolution
		Debug|Any CPU = Debug|Any CPU
		Release|Any CPU = Release|Any CPU
	EndGlobalSection
	GlobalSection(ProjectConfigurationPlatforms) = postSolution
		{01180DE8-5DF8-41C5-9FFA-8893107100BC}.Debug|Any CPU.ActiveCfg = Debug|Any CPU
		{01180DE8-5DF8-41C5-9FFA-8893107100BC}.Debug|Any CPU.Build.0 = Debug|Any CPU
		{01180DE8-5DF8-41C5-9FFA-8893107100BC}.Release|Any CPU.ActiveCfg = Release|Any CPU
		{01180DE8-5DF8-41C5-9FFA-8893107100BC}.Release|Any CPU.Build.0 = Release|Any CPU
		{29F083C9-76ED-49E3-B247-64EA47FBE20A}.Debug|Any CPU.ActiveCfg = Debug|Any CPU
		{29F083C9-76ED-49E3-B247-64EA47FBE20A}.Debug|Any CPU.Build.0 = Debug|Any CPU
		{29F083C9-76ED-49E3-B247-64EA47FBE20A}.Release|Any CPU.ActiveCfg = Release|Any CPU
		{29F083C9-76ED-49E3-B247-64EA47FBE20A}.Release|Any CPU.Build.0 = Release|Any CPU
		{E84176A9-9823-4C4E-8CBD-D9BA70E1CBAC}.Debug|Any CPU.ActiveCfg = Debug|Any CPU
		{E84176A9-9823-4C4E-8CBD-D9BA70E1CBAC}.Debug|Any CPU.Build.0 = Debug|Any CPU
		{E84176A9-9823-4C4E-8CBD-D9BA70E1CBAC}.Release|Any CPU.ActiveCfg = Release|Any CPU
		{E84176A9-9823-4C4E-8CBD-D9BA70E1CBAC}.Release|Any CPU.Build.0 = Release|Any CPU
		{B90E8647-841C-4D91-82BD-D746873E4CE3}.Debug|Any CPU.ActiveCfg = Debug|Any CPU
		{B90E8647-841C-4D91-82BD-D746873E4CE3}.Debug|Any CPU.Build.0 = Debug|Any CPU
		{B90E8647-841C-4D91-82BD-D746873E4CE3}.Release|Any CPU.ActiveCfg = Release|Any CPU
		{B90E8647-841C-4D91-82BD-D746873E4CE3}.Release|Any CPU.Build.0 = Release|Any CPU
	EndGlobalSection
	GlobalSection(SolutionProperties) = preSolution
		HideSolutionNode = FALSE
	EndGlobalSection
	GlobalSection(ExtensibilityGlobals) = postSolution
		SolutionGuid = {1757BD0E-DDBC-4C59-87C1-095D6D1BEF06}
	EndGlobalSection
EndGlobal
